
Microsoft Visual Studio Solution File, Format Version 12.00
# Visual Studio Version 17
VisualStudioVersion = 17.8.0.0
MinimumVisualStudioVersion = 17.8.0.0
Project("{9A19103F-16F7-4668-BE54-9A1E7A4F7556}") = "Downstairs.AppHost", "Downstairs.AppHost\Downstairs.AppHost.csproj", "{BC8C14F9-7381-4542-AF72-FB3545C6CF32}"
EndProject
Project("{9A19103F-16F7-4668-BE54-9A1E7A4F7556}") = "Downstairs.ServiceDefaults", "Downstairs.ServiceDefaults\Downstairs.ServiceDefaults.csproj", "{404E5753-4C00-49EA-A4A2-608E6E54D0E9}"
EndProject
Project("{2150E333-8FDC-42A3-9474-1A3956D46DE8}") = "src", "src", "{827E0CD3-B72D-47B6-A68D-7590B98EB39B}"
EndProject
Project("{FAE04EC0-301F-11D3-BF4B-00C04F79EFBC}") = "Downstairs.Domain", "src\Downstairs.Domain\Downstairs.Domain.csproj", "{EF4DCD36-6FCC-4E99-8355-79457FCF940E}"
EndProject
Project("{FAE04EC0-301F-11D3-BF4B-00C04F79EFBC}") = "Downstairs.Application", "src\Downstairs.Application\Downstairs.Application.csproj", "{FDAA96D9-97E5-4AA7-A789-3BC55F5DA583}"
EndProject
Project("{FAE04EC0-301F-11D3-BF4B-00C04F79EFBC}") = "Downstairs.Infrastructure", "src\Downstairs.Infrastructure\Downstairs.Infrastructure.csproj", "{61F133C5-1164-43DB-BAA2-F84EFCAC4D14}"
EndProject
Project("{FAE04EC0-301F-11D3-BF4B-00C04F79EFBC}") = "Downstairs.ApiGateway", "src\Downstairs.ApiGateway\Downstairs.ApiGateway.csproj", "{7FEF8280-72DF-4132-A090-4A6251968C2F}"
EndProject
Project("{FAE04EC0-301F-11D3-BF4B-00C04F79EFBC}") = "Downstairs.Api", "src\Downstairs.Api\Downstairs.Api.csproj", "{B76CBA8E-7A0C-480E-9A1F-07FEFF7D47A5}"
EndProject
Project("{FAE04EC0-301F-11D3-BF4B-00C04F79EFBC}") = "Downstairs.ApiService", "src\Downstairs.ApiService\Downstairs.ApiService.csproj", "{05AD32CB-2D14-403C-8424-1E13B3933402}"
EndProject
Project("{FAE04EC0-301F-11D3-BF4B-00C04F79EFBC}") = "Downstairs.Web", "src\Downstairs.Web\Downstairs.Web.csproj", "{AA681B8F-5B19-4CD6-B209-877EE39BC10A}"
EndProject
Project("{FAE04EC0-301F-11D3-BF4B-00C04F79EFBC}") = "Downstairs.Jobs", "src\Downstairs.Jobs\Downstairs.Jobs.csproj", "{75281995-AF7D-48CA-ACFC-771EF90F41A1}"
EndProject
Project("{FAE04EC0-301F-11D3-BF4B-00C04F79EFBC}") = "Downstairs.Integrations.Fortnox", "src\Downstairs.Integrations.Fortnox\Downstairs.Integrations.Fortnox.csproj", "{EE987E88-9594-4659-9D04-EDA1607243C5}"
EndProject
Project("{FAE04EC0-301F-11D3-BF4B-00C04F79EFBC}") = "Downstairs.Integrations.Kivra", "src\Downstairs.Integrations.Kivra\Downstairs.Integrations.Kivra.csproj", "{EB461D02-88E0-413A-ADC3-AC4F02EEA747}"
EndProject
Project("{FAE04EC0-301F-11D3-BF4B-00C04F79EFBC}") = "Downstairs.Blazor.Admin", "src\Downstairs.Blazor.Admin\Downstairs.Blazor.Admin.csproj", "{2349C01E-E910-485E-8D25-D22A3146C7BF}"
EndProject
Project("{FAE04EC0-301F-11D3-BF4B-00C04F79EFBC}") = "Downstairs.LogPortal", "src\Downstairs.LogPortal\Downstairs.LogPortal.csproj", "{B5D78143-F74F-412D-AB51-1D46B8B6A38F}"
EndProject
Project("{2150E333-8FDC-42A3-9474-1A3956D46DE8}") = "tests", "tests", "{0AB3BF05-4346-4AA6-1389-037BE0695223}"
EndProject
Project("{FAE04EC0-301F-11D3-BF4B-00C04F79EFBC}") = "Downstairs.UnitTests", "tests\Downstairs.UnitTests\Downstairs.UnitTests.csproj", "{E6BF4D23-3787-49B4-A59F-4F07C0833393}"
EndProject
Project("{FAE04EC0-301F-11D3-BF4B-00C04F79EFBC}") = "Downstairs.IntegrationTests", "tests\Downstairs.IntegrationTests\Downstairs.IntegrationTests.csproj", "{9E89075E-84A8-4732-A9D6-FD330429A475}"
EndProject
Global
	GlobalSection(SolutionConfigurationPlatforms) = preSolution
		Debug|Any CPU = Debug|Any CPU
		Debug|x64 = Debug|x64
		Debug|x86 = Debug|x86
		Release|Any CPU = Release|Any CPU
		Release|x64 = Release|x64
		Release|x86 = Release|x86
	EndGlobalSection
	GlobalSection(ProjectConfigurationPlatforms) = postSolution
		{BC8C14F9-7381-4542-AF72-FB3545C6CF32}.Debug|Any CPU.ActiveCfg = Debug|Any CPU
		{BC8C14F9-7381-4542-AF72-FB3545C6CF32}.Debug|Any CPU.Build.0 = Debug|Any CPU
		{BC8C14F9-7381-4542-AF72-FB3545C6CF32}.Debug|x64.ActiveCfg = Debug|Any CPU
		{BC8C14F9-7381-4542-AF72-FB3545C6CF32}.Debug|x64.Build.0 = Debug|Any CPU
		{BC8C14F9-7381-4542-AF72-FB3545C6CF32}.Debug|x86.ActiveCfg = Debug|Any CPU
		{BC8C14F9-7381-4542-AF72-FB3545C6CF32}.Debug|x86.Build.0 = Debug|Any CPU
		{BC8C14F9-7381-4542-AF72-FB3545C6CF32}.Release|Any CPU.ActiveCfg = Release|Any CPU
		{BC8C14F9-7381-4542-AF72-FB3545C6CF32}.Release|Any CPU.Build.0 = Release|Any CPU
		{BC8C14F9-7381-4542-AF72-FB3545C6CF32}.Release|x64.ActiveCfg = Release|Any CPU
		{BC8C14F9-7381-4542-AF72-FB3545C6CF32}.Release|x64.Build.0 = Release|Any CPU
		{BC8C14F9-7381-4542-AF72-FB3545C6CF32}.Release|x86.ActiveCfg = Release|Any CPU
		{BC8C14F9-7381-4542-AF72-FB3545C6CF32}.Release|x86.Build.0 = Release|Any CPU
		{404E5753-4C00-49EA-A4A2-608E6E54D0E9}.Debug|Any CPU.ActiveCfg = Debug|Any CPU
		{404E5753-4C00-49EA-A4A2-608E6E54D0E9}.Debug|Any CPU.Build.0 = Debug|Any CPU
		{404E5753-4C00-49EA-A4A2-608E6E54D0E9}.Debug|x64.ActiveCfg = Debug|Any CPU
		{404E5753-4C00-49EA-A4A2-608E6E54D0E9}.Debug|x64.Build.0 = Debug|Any CPU
		{404E5753-4C00-49EA-A4A2-608E6E54D0E9}.Debug|x86.ActiveCfg = Debug|Any CPU
		{404E5753-4C00-49EA-A4A2-608E6E54D0E9}.Debug|x86.Build.0 = Debug|Any CPU
		{404E5753-4C00-49EA-A4A2-608E6E54D0E9}.Release|Any CPU.ActiveCfg = Release|Any CPU
		{404E5753-4C00-49EA-A4A2-608E6E54D0E9}.Release|Any CPU.Build.0 = Release|Any CPU
		{404E5753-4C00-49EA-A4A2-608E6E54D0E9}.Release|x64.ActiveCfg = Release|Any CPU
		{404E5753-4C00-49EA-A4A2-608E6E54D0E9}.Release|x64.Build.0 = Release|Any CPU
		{404E5753-4C00-49EA-A4A2-608E6E54D0E9}.Release|x86.ActiveCfg = Release|Any CPU
		{404E5753-4C00-49EA-A4A2-608E6E54D0E9}.Release|x86.Build.0 = Release|Any CPU
		{EF4DCD36-6FCC-4E99-8355-79457FCF940E}.Debug|Any CPU.ActiveCfg = Debug|Any CPU
		{EF4DCD36-6FCC-4E99-8355-79457FCF940E}.Debug|Any CPU.Build.0 = Debug|Any CPU
		{EF4DCD36-6FCC-4E99-8355-79457FCF940E}.Debug|x64.ActiveCfg = Debug|Any CPU
		{EF4DCD36-6FCC-4E99-8355-79457FCF940E}.Debug|x64.Build.0 = Debug|Any CPU
		{EF4DCD36-6FCC-4E99-8355-79457FCF940E}.Debug|x86.ActiveCfg = Debug|Any CPU
		{EF4DCD36-6FCC-4E99-8355-79457FCF940E}.Debug|x86.Build.0 = Debug|Any CPU
		{EF4DCD36-6FCC-4E99-8355-79457FCF940E}.Release|Any CPU.ActiveCfg = Release|Any CPU
		{EF4DCD36-6FCC-4E99-8355-79457FCF940E}.Release|Any CPU.Build.0 = Release|Any CPU
		{EF4DCD36-6FCC-4E99-8355-79457FCF940E}.Release|x64.ActiveCfg = Release|Any CPU
		{EF4DCD36-6FCC-4E99-8355-79457FCF940E}.Release|x64.Build.0 = Release|Any CPU
		{EF4DCD36-6FCC-4E99-8355-79457FCF940E}.Release|x86.ActiveCfg = Release|Any CPU
		{EF4DCD36-6FCC-4E99-8355-79457FCF940E}.Release|x86.Build.0 = Release|Any CPU
		{FDAA96D9-97E5-4AA7-A789-3BC55F5DA583}.Debug|Any CPU.ActiveCfg = Debug|Any CPU
		{FDAA96D9-97E5-4AA7-A789-3BC55F5DA583}.Debug|Any CPU.Build.0 = Debug|Any CPU
		{FDAA96D9-97E5-4AA7-A789-3BC55F5DA583}.Debug|x64.ActiveCfg = Debug|Any CPU
		{FDAA96D9-97E5-4AA7-A789-3BC55F5DA583}.Debug|x64.Build.0 = Debug|Any CPU
		{FDAA96D9-97E5-4AA7-A789-3BC55F5DA583}.Debug|x86.ActiveCfg = Debug|Any CPU
		{FDAA96D9-97E5-4AA7-A789-3BC55F5DA583}.Debug|x86.Build.0 = Debug|Any CPU
		{FDAA96D9-97E5-4AA7-A789-3BC55F5DA583}.Release|Any CPU.ActiveCfg = Release|Any CPU
		{FDAA96D9-97E5-4AA7-A789-3BC55F5DA583}.Release|Any CPU.Build.0 = Release|Any CPU
		{FDAA96D9-97E5-4AA7-A789-3BC55F5DA583}.Release|x64.ActiveCfg = Release|Any CPU
		{FDAA96D9-97E5-4AA7-A789-3BC55F5DA583}.Release|x64.Build.0 = Release|Any CPU
		{FDAA96D9-97E5-4AA7-A789-3BC55F5DA583}.Release|x86.ActiveCfg = Release|Any CPU
		{FDAA96D9-97E5-4AA7-A789-3BC55F5DA583}.Release|x86.Build.0 = Release|Any CPU
		{61F133C5-1164-43DB-BAA2-F84EFCAC4D14}.Debug|Any CPU.ActiveCfg = Debug|Any CPU
		{61F133C5-1164-43DB-BAA2-F84EFCAC4D14}.Debug|Any CPU.Build.0 = Debug|Any CPU
		{61F133C5-1164-43DB-BAA2-F84EFCAC4D14}.Debug|x64.ActiveCfg = Debug|Any CPU
		{61F133C5-1164-43DB-BAA2-F84EFCAC4D14}.Debug|x64.Build.0 = Debug|Any CPU
		{61F133C5-1164-43DB-BAA2-F84EFCAC4D14}.Debug|x86.ActiveCfg = Debug|Any CPU
		{61F133C5-1164-43DB-BAA2-F84EFCAC4D14}.Debug|x86.Build.0 = Debug|Any CPU
		{61F133C5-1164-43DB-BAA2-F84EFCAC4D14}.Release|Any CPU.ActiveCfg = Release|Any CPU
		{61F133C5-1164-43DB-BAA2-F84EFCAC4D14}.Release|Any CPU.Build.0 = Release|Any CPU
		{61F133C5-1164-43DB-BAA2-F84EFCAC4D14}.Release|x64.ActiveCfg = Release|Any CPU
		{61F133C5-1164-43DB-BAA2-F84EFCAC4D14}.Release|x64.Build.0 = Release|Any CPU
		{61F133C5-1164-43DB-BAA2-F84EFCAC4D14}.Release|x86.ActiveCfg = Release|Any CPU
		{61F133C5-1164-43DB-BAA2-F84EFCAC4D14}.Release|x86.Build.0 = Release|Any CPU
		{7FEF8280-72DF-4132-A090-4A6251968C2F}.Debug|Any CPU.ActiveCfg = Debug|Any CPU
		{7FEF8280-72DF-4132-A090-4A6251968C2F}.Debug|Any CPU.Build.0 = Debug|Any CPU
		{7FEF8280-72DF-4132-A090-4A6251968C2F}.Debug|x64.ActiveCfg = Debug|Any CPU
		{7FEF8280-72DF-4132-A090-4A6251968C2F}.Debug|x64.Build.0 = Debug|Any CPU
		{7FEF8280-72DF-4132-A090-4A6251968C2F}.Debug|x86.ActiveCfg = Debug|Any CPU
		{7FEF8280-72DF-4132-A090-4A6251968C2F}.Debug|x86.Build.0 = Debug|Any CPU
		{7FEF8280-72DF-4132-A090-4A6251968C2F}.Release|Any CPU.ActiveCfg = Release|Any CPU
		{7FEF8280-72DF-4132-A090-4A6251968C2F}.Release|Any CPU.Build.0 = Release|Any CPU
		{7FEF8280-72DF-4132-A090-4A6251968C2F}.Release|x64.ActiveCfg = Release|Any CPU
		{7FEF8280-72DF-4132-A090-4A6251968C2F}.Release|x64.Build.0 = Release|Any CPU
		{7FEF8280-72DF-4132-A090-4A6251968C2F}.Release|x86.ActiveCfg = Release|Any CPU
		{7FEF8280-72DF-4132-A090-4A6251968C2F}.Release|x86.Build.0 = Release|Any CPU
		{B76CBA8E-7A0C-480E-9A1F-07FEFF7D47A5}.Debug|Any CPU.ActiveCfg = Debug|Any CPU
		{B76CBA8E-7A0C-480E-9A1F-07FEFF7D47A5}.Debug|Any CPU.Build.0 = Debug|Any CPU
		{B76CBA8E-7A0C-480E-9A1F-07FEFF7D47A5}.Debug|x64.ActiveCfg = Debug|Any CPU
		{B76CBA8E-7A0C-480E-9A1F-07FEFF7D47A5}.Debug|x64.Build.0 = Debug|Any CPU
		{B76CBA8E-7A0C-480E-9A1F-07FEFF7D47A5}.Debug|x86.ActiveCfg = Debug|Any CPU
		{B76CBA8E-7A0C-480E-9A1F-07FEFF7D47A5}.Debug|x86.Build.0 = Debug|Any CPU
		{B76CBA8E-7A0C-480E-9A1F-07FEFF7D47A5}.Release|Any CPU.ActiveCfg = Release|Any CPU
		{B76CBA8E-7A0C-480E-9A1F-07FEFF7D47A5}.Release|Any CPU.Build.0 = Release|Any CPU
		{B76CBA8E-7A0C-480E-9A1F-07FEFF7D47A5}.Release|x64.ActiveCfg = Release|Any CPU
		{B76CBA8E-7A0C-480E-9A1F-07FEFF7D47A5}.Release|x64.Build.0 = Release|Any CPU
		{B76CBA8E-7A0C-480E-9A1F-07FEFF7D47A5}.Release|x86.ActiveCfg = Release|Any CPU
		{B76CBA8E-7A0C-480E-9A1F-07FEFF7D47A5}.Release|x86.Build.0 = Release|Any CPU
		{05AD32CB-2D14-403C-8424-1E13B3933402}.Debug|Any CPU.ActiveCfg = Debug|Any CPU
		{05AD32CB-2D14-403C-8424-1E13B3933402}.Debug|Any CPU.Build.0 = Debug|Any CPU
		{05AD32CB-2D14-403C-8424-1E13B3933402}.Debug|x64.ActiveCfg = Debug|Any CPU
		{05AD32CB-2D14-403C-8424-1E13B3933402}.Debug|x64.Build.0 = Debug|Any CPU
		{05AD32CB-2D14-403C-8424-1E13B3933402}.Debug|x86.ActiveCfg = Debug|Any CPU
		{05AD32CB-2D14-403C-8424-1E13B3933402}.Debug|x86.Build.0 = Debug|Any CPU
		{05AD32CB-2D14-403C-8424-1E13B3933402}.Release|Any CPU.ActiveCfg = Release|Any CPU
		{05AD32CB-2D14-403C-8424-1E13B3933402}.Release|Any CPU.Build.0 = Release|Any CPU
		{05AD32CB-2D14-403C-8424-1E13B3933402}.Release|x64.ActiveCfg = Release|Any CPU
		{05AD32CB-2D14-403C-8424-1E13B3933402}.Release|x64.Build.0 = Release|Any CPU
		{05AD32CB-2D14-403C-8424-1E13B3933402}.Release|x86.ActiveCfg = Release|Any CPU
		{05AD32CB-2D14-403C-8424-1E13B3933402}.Release|x86.Build.0 = Release|Any CPU
		{AA681B8F-5B19-4CD6-B209-877EE39BC10A}.Debug|Any CPU.ActiveCfg = Debug|Any CPU
		{AA681B8F-5B19-4CD6-B209-877EE39BC10A}.Debug|Any CPU.Build.0 = Debug|Any CPU
		{AA681B8F-5B19-4CD6-B209-877EE39BC10A}.Debug|x64.ActiveCfg = Debug|Any CPU
		{AA681B8F-5B19-4CD6-B209-877EE39BC10A}.Debug|x64.Build.0 = Debug|Any CPU
		{AA681B8F-5B19-4CD6-B209-877EE39BC10A}.Debug|x86.ActiveCfg = Debug|Any CPU
		{AA681B8F-5B19-4CD6-B209-877EE39BC10A}.Debug|x86.Build.0 = Debug|Any CPU
		{AA681B8F-5B19-4CD6-B209-877EE39BC10A}.Release|Any CPU.ActiveCfg = Release|Any CPU
		{AA681B8F-5B19-4CD6-B209-877EE39BC10A}.Release|Any CPU.Build.0 = Release|Any CPU
		{AA681B8F-5B19-4CD6-B209-877EE39BC10A}.Release|x64.ActiveCfg = Release|Any CPU
		{AA681B8F-5B19-4CD6-B209-877EE39BC10A}.Release|x64.Build.0 = Release|Any CPU
		{AA681B8F-5B19-4CD6-B209-877EE39BC10A}.Release|x86.ActiveCfg = Release|Any CPU
		{AA681B8F-5B19-4CD6-B209-877EE39BC10A}.Release|x86.Build.0 = Release|Any CPU
		{75281995-AF7D-48CA-ACFC-771EF90F41A1}.Debug|Any CPU.ActiveCfg = Debug|Any CPU
		{75281995-AF7D-48CA-ACFC-771EF90F41A1}.Debug|Any CPU.Build.0 = Debug|Any CPU
		{75281995-AF7D-48CA-ACFC-771EF90F41A1}.Debug|x64.ActiveCfg = Debug|Any CPU
		{75281995-AF7D-48CA-ACFC-771EF90F41A1}.Debug|x64.Build.0 = Debug|Any CPU
		{75281995-AF7D-48CA-ACFC-771EF90F41A1}.Debug|x86.ActiveCfg = Debug|Any CPU
		{75281995-AF7D-48CA-ACFC-771EF90F41A1}.Debug|x86.Build.0 = Debug|Any CPU
		{75281995-AF7D-48CA-ACFC-771EF90F41A1}.Release|Any CPU.ActiveCfg = Release|Any CPU
		{75281995-AF7D-48CA-ACFC-771EF90F41A1}.Release|Any CPU.Build.0 = Release|Any CPU
		{75281995-AF7D-48CA-ACFC-771EF90F41A1}.Release|x64.ActiveCfg = Release|Any CPU
		{75281995-AF7D-48CA-ACFC-771EF90F41A1}.Release|x64.Build.0 = Release|Any CPU
		{75281995-AF7D-48CA-ACFC-771EF90F41A1}.Release|x86.ActiveCfg = Release|Any CPU
		{75281995-AF7D-48CA-ACFC-771EF90F41A1}.Release|x86.Build.0 = Release|Any CPU
		{EE987E88-9594-4659-9D04-EDA1607243C5}.Debug|Any CPU.ActiveCfg = Debug|Any CPU
		{EE987E88-9594-4659-9D04-EDA1607243C5}.Debug|Any CPU.Build.0 = Debug|Any CPU
		{EE987E88-9594-4659-9D04-EDA1607243C5}.Debug|x64.ActiveCfg = Debug|Any CPU
		{EE987E88-9594-4659-9D04-EDA1607243C5}.Debug|x64.Build.0 = Debug|Any CPU
		{EE987E88-9594-4659-9D04-EDA1607243C5}.Debug|x86.ActiveCfg = Debug|Any CPU
		{EE987E88-9594-4659-9D04-EDA1607243C5}.Debug|x86.Build.0 = Debug|Any CPU
		{EE987E88-9594-4659-9D04-EDA1607243C5}.Release|Any CPU.ActiveCfg = Release|Any CPU
		{EE987E88-9594-4659-9D04-EDA1607243C5}.Release|Any CPU.Build.0 = Release|Any CPU
		{EE987E88-9594-4659-9D04-EDA1607243C5}.Release|x64.ActiveCfg = Release|Any CPU
		{EE987E88-9594-4659-9D04-EDA1607243C5}.Release|x64.Build.0 = Release|Any CPU
		{EE987E88-9594-4659-9D04-EDA1607243C5}.Release|x86.ActiveCfg = Release|Any CPU
		{EE987E88-9594-4659-9D04-EDA1607243C5}.Release|x86.Build.0 = Release|Any CPU
		{EB461D02-88E0-413A-ADC3-AC4F02EEA747}.Debug|Any CPU.ActiveCfg = Debug|Any CPU
		{EB461D02-88E0-413A-ADC3-AC4F02EEA747}.Debug|Any CPU.Build.0 = Debug|Any CPU
		{EB461D02-88E0-413A-ADC3-AC4F02EEA747}.Debug|x64.ActiveCfg = Debug|Any CPU
		{EB461D02-88E0-413A-ADC3-AC4F02EEA747}.Debug|x64.Build.0 = Debug|Any CPU
		{EB461D02-88E0-413A-ADC3-AC4F02EEA747}.Debug|x86.ActiveCfg = Debug|Any CPU
		{EB461D02-88E0-413A-ADC3-AC4F02EEA747}.Debug|x86.Build.0 = Debug|Any CPU
		{EB461D02-88E0-413A-ADC3-AC4F02EEA747}.Release|Any CPU.ActiveCfg = Release|Any CPU
		{EB461D02-88E0-413A-ADC3-AC4F02EEA747}.Release|Any CPU.Build.0 = Release|Any CPU
		{EB461D02-88E0-413A-ADC3-AC4F02EEA747}.Release|x64.ActiveCfg = Release|Any CPU
		{EB461D02-88E0-413A-ADC3-AC4F02EEA747}.Release|x64.Build.0 = Release|Any CPU
		{EB461D02-88E0-413A-ADC3-AC4F02EEA747}.Release|x86.ActiveCfg = Release|Any CPU
		{EB461D02-88E0-413A-ADC3-AC4F02EEA747}.Release|x86.Build.0 = Release|Any CPU
		{2349C01E-E910-485E-8D25-D22A3146C7BF}.Debug|Any CPU.ActiveCfg = Debug|Any CPU
		{2349C01E-E910-485E-8D25-D22A3146C7BF}.Debug|Any CPU.Build.0 = Debug|Any CPU
		{2349C01E-E910-485E-8D25-D22A3146C7BF}.Debug|x64.ActiveCfg = Debug|Any CPU
		{2349C01E-E910-485E-8D25-D22A3146C7BF}.Debug|x64.Build.0 = Debug|Any CPU
		{2349C01E-E910-485E-8D25-D22A3146C7BF}.Debug|x86.ActiveCfg = Debug|Any CPU
		{2349C01E-E910-485E-8D25-D22A3146C7BF}.Debug|x86.Build.0 = Debug|Any CPU
		{2349C01E-E910-485E-8D25-D22A3146C7BF}.Release|Any CPU.ActiveCfg = Release|Any CPU
		{2349C01E-E910-485E-8D25-D22A3146C7BF}.Release|Any CPU.Build.0 = Release|Any CPU
		{2349C01E-E910-485E-8D25-D22A3146C7BF}.Release|x64.ActiveCfg = Release|Any CPU
		{2349C01E-E910-485E-8D25-D22A3146C7BF}.Release|x64.Build.0 = Release|Any CPU
		{2349C01E-E910-485E-8D25-D22A3146C7BF}.Release|x86.ActiveCfg = Release|Any CPU
		{2349C01E-E910-485E-8D25-D22A3146C7BF}.Release|x86.Build.0 = Release|Any CPU
		{B5D78143-F74F-412D-AB51-1D46B8B6A38F}.Debug|Any CPU.ActiveCfg = Debug|Any CPU
		{B5D78143-F74F-412D-AB51-1D46B8B6A38F}.Debug|Any CPU.Build.0 = Debug|Any CPU
		{B5D78143-F74F-412D-AB51-1D46B8B6A38F}.Debug|x64.ActiveCfg = Debug|Any CPU
		{B5D78143-F74F-412D-AB51-1D46B8B6A38F}.Debug|x64.Build.0 = Debug|Any CPU
		{B5D78143-F74F-412D-AB51-1D46B8B6A38F}.Debug|x86.ActiveCfg = Debug|Any CPU
		{B5D78143-F74F-412D-AB51-1D46B8B6A38F}.Debug|x86.Build.0 = Debug|Any CPU
		{B5D78143-F74F-412D-AB51-1D46B8B6A38F}.Release|Any CPU.ActiveCfg = Release|Any CPU
		{B5D78143-F74F-412D-AB51-1D46B8B6A38F}.Release|Any CPU.Build.0 = Release|Any CPU
		{B5D78143-F74F-412D-AB51-1D46B8B6A38F}.Release|x64.ActiveCfg = Release|Any CPU
		{B5D78143-F74F-412D-AB51-1D46B8B6A38F}.Release|x64.Build.0 = Release|Any CPU
		{B5D78143-F74F-412D-AB51-1D46B8B6A38F}.Release|x86.ActiveCfg = Release|Any CPU
		{B5D78143-F74F-412D-AB51-1D46B8B6A38F}.Release|x86.Build.0 = Release|Any CPU
		{E6BF4D23-3787-49B4-A59F-4F07C0833393}.Debug|Any CPU.ActiveCfg = Debug|Any CPU
		{E6BF4D23-3787-49B4-A59F-4F07C0833393}.Debug|Any CPU.Build.0 = Debug|Any CPU
		{E6BF4D23-3787-49B4-A59F-4F07C0833393}.Debug|x64.ActiveCfg = Debug|Any CPU
		{E6BF4D23-3787-49B4-A59F-4F07C0833393}.Debug|x64.Build.0 = Debug|Any CPU
		{E6BF4D23-3787-49B4-A59F-4F07C0833393}.Debug|x86.ActiveCfg = Debug|Any CPU
		{E6BF4D23-3787-49B4-A59F-4F07C0833393}.Debug|x86.Build.0 = Debug|Any CPU
		{E6BF4D23-3787-49B4-A59F-4F07C0833393}.Release|Any CPU.ActiveCfg = Release|Any CPU
		{E6BF4D23-3787-49B4-A59F-4F07C0833393}.Release|Any CPU.Build.0 = Release|Any CPU
		{E6BF4D23-3787-49B4-A59F-4F07C0833393}.Release|x64.ActiveCfg = Release|Any CPU
		{E6BF4D23-3787-49B4-A59F-4F07C0833393}.Release|x64.Build.0 = Release|Any CPU
		{E6BF4D23-3787-49B4-A59F-4F07C0833393}.Release|x86.ActiveCfg = Release|Any CPU
		{E6BF4D23-3787-49B4-A59F-4F07C0833393}.Release|x86.Build.0 = Release|Any CPU
		{9E89075E-84A8-4732-A9D6-FD330429A475}.Debug|Any CPU.ActiveCfg = Debug|Any CPU
		{9E89075E-84A8-4732-A9D6-FD330429A475}.Debug|Any CPU.Build.0 = Debug|Any CPU
		{9E89075E-84A8-4732-A9D6-FD330429A475}.Debug|x64.ActiveCfg = Debug|Any CPU
		{9E89075E-84A8-4732-A9D6-FD330429A475}.Debug|x64.Build.0 = Debug|Any CPU
		{9E89075E-84A8-4732-A9D6-FD330429A475}.Debug|x86.ActiveCfg = Debug|Any CPU
		{9E89075E-84A8-4732-A9D6-FD330429A475}.Debug|x86.Build.0 = Debug|Any CPU
		{9E89075E-84A8-4732-A9D6-FD330429A475}.Release|Any CPU.ActiveCfg = Release|Any CPU
		{9E89075E-84A8-4732-A9D6-FD330429A475}.Release|Any CPU.Build.0 = Release|Any CPU
		{9E89075E-84A8-4732-A9D6-FD330429A475}.Release|x64.ActiveCfg = Release|Any CPU
		{9E89075E-84A8-4732-A9D6-FD330429A475}.Release|x64.Build.0 = Release|Any CPU
		{9E89075E-84A8-4732-A9D6-FD330429A475}.Release|x86.ActiveCfg = Release|Any CPU
		{9E89075E-84A8-4732-A9D6-FD330429A475}.Release|x86.Build.0 = Release|Any CPU
	EndGlobalSection
	GlobalSection(SolutionProperties) = preSolution
		HideSolutionNode = FALSE
	EndGlobalSection
	GlobalSection(NestedProjects) = preSolution
		{EF4DCD36-6FCC-4E99-8355-79457FCF940E} = {827E0CD3-B72D-47B6-A68D-7590B98EB39B}
		{FDAA96D9-97E5-4AA7-A789-3BC55F5DA583} = {827E0CD3-B72D-47B6-A68D-7590B98EB39B}
		{61F133C5-1164-43DB-BAA2-F84EFCAC4D14} = {827E0CD3-B72D-47B6-A68D-7590B98EB39B}
		{7FEF8280-72DF-4132-A090-4A6251968C2F} = {827E0CD3-B72D-47B6-A68D-7590B98EB39B}
		{B76CBA8E-7A0C-480E-9A1F-07FEFF7D47A5} = {827E0CD3-B72D-47B6-A68D-7590B98EB39B}
		{05AD32CB-2D14-403C-8424-1E13B3933402} = {827E0CD3-B72D-47B6-A68D-7590B98EB39B}
		{AA681B8F-5B19-4CD6-B209-877EE39BC10A} = {827E0CD3-B72D-47B6-A68D-7590B98EB39B}
		{75281995-AF7D-48CA-ACFC-771EF90F41A1} = {827E0CD3-B72D-47B6-A68D-7590B98EB39B}
		{EE987E88-9594-4659-9D04-EDA1607243C5} = {827E0CD3-B72D-47B6-A68D-7590B98EB39B}
		{EB461D02-88E0-413A-ADC3-AC4F02EEA747} = {827E0CD3-B72D-47B6-A68D-7590B98EB39B}
		{2349C01E-E910-485E-8D25-D22A3146C7BF} = {827E0CD3-B72D-47B6-A68D-7590B98EB39B}
		{B5D78143-F74F-412D-AB51-1D46B8B6A38F} = {827E0CD3-B72D-47B6-A68D-7590B98EB39B}
		{E6BF4D23-3787-49B4-A59F-4F07C0833393} = {0AB3BF05-4346-4AA6-1389-037BE0695223}
		{9E89075E-84A8-4732-A9D6-FD330429A475} = {0AB3BF05-4346-4AA6-1389-037BE0695223}
	EndGlobalSection
	GlobalSection(ExtensibilityGlobals) = postSolution
		SolutionGuid = {9B381773-00B2-43CF-99F0-C05CDBC2408D}
	EndGlobalSection
EndGlobal
